<?xml version="1.0" encoding="utf-8"?>
<Project ToolsVersion="4.0" xmlns="http://schemas.microsoft.com/developer/msbuild/2003">
  <ItemGroup>
    <Filter Include="Resource Files">
      <UniqueIdentifier>{67DA6AB6-F800-4c08-8B7A-83BB121AAD01}</UniqueIdentifier>
      <Extensions>rc;ico;cur;bmp;dlg;rc2;rct;bin;rgs;gif;jpg;jpeg;jpe;resx;tiff;tif;png;wav;mfcribbon-ms</Extensions>
    </Filter>
    <Filter Include="Components">
      <UniqueIdentifier>{27fa4676-1f4d-4ff3-bcb2-54da0fd4a95b}</UniqueIdentifier>
    </Filter>
  </ItemGroup>
  <ItemGroup>
    <ClCompile Include="Program.cpp" />
    <ClCompile Include="FreeCameraMovement.cpp">
      <Filter>Components</Filter>
    </ClCompile>
    <ClCompile Include="Player.cpp">
      <Filter>Components</Filter>
    </ClCompile>
    <ClCompile Include="Enemy.cpp">
      <Filter>Components</Filter>
    </ClCompile>
    <ClCompile Include="Animation.cpp" />
    <ClCompile Include="LookAt.cpp">
      <Filter>Components</Filter>
    </ClCompile>
    <ClCompile Include="Door.cpp">
      <Filter>Components</Filter>
    </ClCompile>
    <ClCompile Include="Gold.cpp">
      <Filter>Components</Filter>
    </ClCompile>
    <ClCompile Include="Health.cpp">
      <Filter>Components</Filter>
    </ClCompile>
    <ClCompile Include="EndGame.cpp">
      <Filter>Components</Filter>
    </ClCompile>
    <ClCompile Include="Game.cpp" />
  </ItemGroup>
  <ItemGroup>
    <ClInclude Include="FreeCameraMovement.h">
      <Filter>Components</Filter>
    </ClInclude>
    <ClInclude Include="Player.h">
      <Filter>Components</Filter>
    </ClInclude>
    <ClInclude Include="Enemy.h">
      <Filter>Components</Filter>
    </ClInclude>
    <ClInclude Include="Animation.h" />
    <ClInclude Include="LookAt.h">
      <Filter>Components</Filter>
    </ClInclude>
    <ClInclude Include="Gold.h">
      <Filter>Components</Filter>
    </ClInclude>
    <ClInclude Include="Door.h">
      <Filter>Components</Filter>
    </ClInclude>
    <ClInclude Include="Health.h">
      <Filter>Components</Filter>
    </ClInclude>
    <ClInclude Include="EndGame.h">
      <Filter>Components</Filter>
    </ClInclude>
    <ClInclude Include="Game.h" />
  </ItemGroup>
</Project>