<?xml version="1.0" encoding="utf-8"?>
<Project ToolsVersion="4.0" xmlns="http://schemas.microsoft.com/developer/msbuild/2003">
  <ItemGroup>
    <Filter Include="Components">
      <UniqueIdentifier>{194044bb-dd96-461c-8369-087880831342}</UniqueIdentifier>
    </Filter>
    <Filter Include="Core">
      <UniqueIdentifier>{71136ec9-5506-4fad-9b23-3599b6407aef}</UniqueIdentifier>
    </Filter>
    <Filter Include="Data Types">
      <UniqueIdentifier>{90148f25-5c9d-4e95-850e-00adf06a5d3c}</UniqueIdentifier>
    </Filter>
    <Filter Include="Helper">
      <UniqueIdentifier>{ccb8260e-c22f-4692-b66b-4613c4a854bf}</UniqueIdentifier>
    </Filter>
    <Filter Include="Static">
      <UniqueIdentifier>{0611b9cb-96f6-445b-b7f4-5bff25f86c59}</UniqueIdentifier>
    </Filter>
    <Filter Include="UI">
      <UniqueIdentifier>{47b951e7-f544-4bed-ac0c-8e40816da547}</UniqueIdentifier>
    </Filter>
  </ItemGroup>
  <ItemGroup>
    <ClInclude Include="Component.h">
      <Filter>Components</Filter>
    </ClInclude>
    <ClInclude Include="MeshRenderer.h">
      <Filter>Components</Filter>
    </ClInclude>
    <ClInclude Include="Camera.h">
      <Filter>Components</Filter>
    </ClInclude>
    <ClInclude Include="Debug.h">
      <Filter>Static</Filter>
    </ClInclude>
    <ClInclude Include="Input.h">
      <Filter>Static</Filter>
    </ClInclude>
    <ClInclude Include="Time.h">
      <Filter>Static</Filter>
    </ClInclude>
    <ClInclude Include="Engine.h">
      <Filter>Core</Filter>
    </ClInclude>
    <ClInclude Include="GameObject.h">
      <Filter>Core</Filter>
    </ClInclude>
    <ClInclude Include="Scene.h">
      <Filter>Core</Filter>
    </ClInclude>
    <ClInclude Include="Transform.h">
      <Filter>Core</Filter>
    </ClInclude>
    <ClInclude Include="DLLHelper.h">
      <Filter>Helper</Filter>
    </ClInclude>
    <ClInclude Include="Color.h">
      <Filter>Data Types</Filter>
    </ClInclude>
    <ClInclude Include="Vector2.h">
      <Filter>Data Types</Filter>
    </ClInclude>
    <ClInclude Include="Vector3.h">
      <Filter>Data Types</Filter>
    </ClInclude>
    <ClInclude Include="Textures.h">
      <Filter>Static</Filter>
    </ClInclude>
    <ClInclude Include="Collider.h">
      <Filter>Components</Filter>
    </ClInclude>
    <ClInclude Include="Raycast.h">
      <Filter>Static</Filter>
    </ClInclude>
    <ClInclude Include="UIBase.h">
      <Filter>UI</Filter>
    </ClInclude>
    <ClInclude Include="UIImage.h">
      <Filter>UI</Filter>
    </ClInclude>
    <ClInclude Include="Audio.h">
      <Filter>Static</Filter>
    </ClInclude>
    <ClInclude Include="UINumber.h">
      <Filter>UI</Filter>
    </ClInclude>
  </ItemGroup>
  <ItemGroup>
    <ClCompile Include="Camera.cpp">
      <Filter>Components</Filter>
    </ClCompile>
    <ClCompile Include="Component.cpp">
      <Filter>Components</Filter>
    </ClCompile>
    <ClCompile Include="MeshRenderer.cpp">
      <Filter>Components</Filter>
    </ClCompile>
    <ClCompile Include="Engine.cpp">
      <Filter>Core</Filter>
    </ClCompile>
    <ClCompile Include="GameObject.cpp">
      <Filter>Core</Filter>
    </ClCompile>
    <ClCompile Include="Scene.cpp">
      <Filter>Core</Filter>
    </ClCompile>
    <ClCompile Include="Transform.cpp">
      <Filter>Core</Filter>
    </ClCompile>
    <ClCompile Include="Color.cpp">
      <Filter>Data Types</Filter>
    </ClCompile>
    <ClCompile Include="Vector2.cpp">
      <Filter>Data Types</Filter>
    </ClCompile>
    <ClCompile Include="Vector3.cpp">
      <Filter>Data Types</Filter>
    </ClCompile>
    <ClCompile Include="Debug.cpp">
      <Filter>Static</Filter>
    </ClCompile>
    <ClCompile Include="Input.cpp">
      <Filter>Static</Filter>
    </ClCompile>
    <ClCompile Include="Time.cpp">
      <Filter>Static</Filter>
    </ClCompile>
    <ClCompile Include="Textures.cpp">
      <Filter>Static</Filter>
    </ClCompile>
    <ClCompile Include="Collider.cpp">
      <Filter>Components</Filter>
    </ClCompile>
    <ClCompile Include="Raycast.cpp">
      <Filter>Static</Filter>
    </ClCompile>
    <ClCompile Include="UIBase.cpp">
      <Filter>UI</Filter>
    </ClCompile>
    <ClCompile Include="UIImage.cpp">
      <Filter>UI</Filter>
    </ClCompile>
    <ClCompile Include="Audio.cpp">
      <Filter>Static</Filter>
    </ClCompile>
    <ClCompile Include="UINumber.cpp">
      <Filter>UI</Filter>
    </ClCompile>
  </ItemGroup>
  <ItemGroup>
    <None Include="cpp.hint" />
  </ItemGroup>
  <ItemGroup>
    <CopyFileToFolders Include="Dependencies\irrKlang\irrKlang.dll" />
  </ItemGroup>
</Project>